// !$*UTF8*$!
{
	archiveVersion = 1;
	classes = {
	};
	objectVersion = 46;
	objects = {

/* Begin PBXBuildFile section */
		2935F14519890E2E00D0C7CF /* JBColorControl+Debug.m in Sources */ = {isa = PBXBuildFile; fileRef = 2935F14419890E2E00D0C7CF /* JBColorControl+Debug.m */; };
		29DB69461988F28A006ABA9E /* main.m in Sources */ = {isa = PBXBuildFile; fileRef = 29DB69451988F28A006ABA9E /* main.m */; };
		29DB69491988F28A006ABA9E /* JBAppDelegate.m in Sources */ = {isa = PBXBuildFile; fileRef = 29DB69481988F28A006ABA9E /* JBAppDelegate.m */; };
		29DB694C1988F28A006ABA9E /* JBTestViewController.m in Sources */ = {isa = PBXBuildFile; fileRef = 29DB694B1988F28A006ABA9E /* JBTestViewController.m */; };
		29DB69511988F28B006ABA9E /* Images.xcassets in Resources */ = {isa = PBXBuildFile; fileRef = 29DB69501988F28B006ABA9E /* Images.xcassets */; };
		29DB695D1988F28B006ABA9E /* JBColorControlTests.m in Sources */ = {isa = PBXBuildFile; fileRef = 29DB695C1988F28B006ABA9E /* JBColorControlTests.m */; };
		29DB696B1988F535006ABA9E /* JBColorControl.m in Sources */ = {isa = PBXBuildFile; fileRef = 29DB696A1988F535006ABA9E /* JBColorControl.m */; };
/* End PBXBuildFile section */

/* Begin PBXContainerItemProxy section */
		2935F146198ED12E00D0C7CF /* PBXContainerItemProxy */ = {
			isa = PBXContainerItemProxy;
			containerPortal = 29DB69381988F28A006ABA9E /* Project object */;
			proxyType = 1;
			remoteGlobalIDString = 29DB693F1988F28A006ABA9E;
			remoteInfo = JBColorControl;
		};
		2935F148198ED12E00D0C7CF /* PBXContainerItemProxy */ = {
			isa = PBXContainerItemProxy;
			containerPortal = 29DB69381988F28A006ABA9E /* Project object */;
			proxyType = 1;
			remoteGlobalIDString = 29DB693F1988F28A006ABA9E;
			remoteInfo = JBColorControl;
		};
		29DB69571988F28B006ABA9E /* PBXContainerItemProxy */ = {
			isa = PBXContainerItemProxy;
			containerPortal = 29DB69381988F28A006ABA9E /* Project object */;
			proxyType = 1;
			remoteGlobalIDString = 29DB693F1988F28A006ABA9E;
			remoteInfo = NBColorControl;
		};
/* End PBXContainerItemProxy section */

/* Begin PBXFileReference section */
		2935F14319890E2E00D0C7CF /* JBColorControl+Debug.h */ = {isa = PBXFileReference; fileEncoding = 4; lastKnownFileType = sourcecode.c.h; name = "JBColorControl+Debug.h"; path = "JBColorControl/JBColorControl+Debug.h"; sourceTree = "<group>"; };
		2935F14419890E2E00D0C7CF /* JBColorControl+Debug.m */ = {isa = PBXFileReference; fileEncoding = 4; lastKnownFileType = sourcecode.c.objc; name = "JBColorControl+Debug.m"; path = "JBColorControl/JBColorControl+Debug.m"; sourceTree = "<group>"; };
		29DB69401988F28A006ABA9E /* JBColorControl.app */ = {isa = PBXFileReference; explicitFileType = wrapper.application; includeInIndex = 0; path = JBColorControl.app; sourceTree = BUILT_PRODUCTS_DIR; };
		29DB69441988F28A006ABA9E /* Info.plist */ = {isa = PBXFileReference; lastKnownFileType = text.plist.xml; path = Info.plist; sourceTree = "<group>"; };
		29DB69451988F28A006ABA9E /* main.m */ = {isa = PBXFileReference; lastKnownFileType = sourcecode.c.objc; path = main.m; sourceTree = "<group>"; };
		29DB69471988F28A006ABA9E /* JBAppDelegate.h */ = {isa = PBXFileReference; lastKnownFileType = sourcecode.c.h; path = JBAppDelegate.h; sourceTree = "<group>"; };
		29DB69481988F28A006ABA9E /* JBAppDelegate.m */ = {isa = PBXFileReference; lastKnownFileType = sourcecode.c.objc; path = JBAppDelegate.m; sourceTree = "<group>"; };
		29DB694A1988F28A006ABA9E /* JBTestViewController.h */ = {isa = PBXFileReference; lastKnownFileType = sourcecode.c.h; path = JBTestViewController.h; sourceTree = "<group>"; };
		29DB694B1988F28A006ABA9E /* JBTestViewController.m */ = {isa = PBXFileReference; lastKnownFileType = sourcecode.c.objc; path = JBTestViewController.m; sourceTree = "<group>"; };
		29DB69501988F28B006ABA9E /* Images.xcassets */ = {isa = PBXFileReference; lastKnownFileType = folder.assetcatalog; path = Images.xcassets; sourceTree = "<group>"; };
		29DB69561988F28B006ABA9E /* NBColorControlTests.xctest */ = {isa = PBXFileReference; explicitFileType = wrapper.cfbundle; includeInIndex = 0; path = NBColorControlTests.xctest; sourceTree = BUILT_PRODUCTS_DIR; };
		29DB695B1988F28B006ABA9E /* Info.plist */ = {isa = PBXFileReference; lastKnownFileType = text.plist; name = Info.plist; path = JBColorControl/Info.plist; sourceTree = "<group>"; };
		29DB695C1988F28B006ABA9E /* JBColorControlTests.m */ = {isa = PBXFileReference; lastKnownFileType = sourcecode.c.objc; name = JBColorControlTests.m; path = JBColorControlTests/JBColorControlTests.m; sourceTree = "<group>"; };
		29DB69691988F535006ABA9E /* JBColorControl.h */ = {isa = PBXFileReference; fileEncoding = 4; lastKnownFileType = sourcecode.c.h; name = JBColorControl.h; path = JBColorControl/JBColorControl.h; sourceTree = "<group>"; };
		29DB696A1988F535006ABA9E /* JBColorControl.m */ = {isa = PBXFileReference; fileEncoding = 4; lastKnownFileType = sourcecode.c.objc; name = JBColorControl.m; path = JBColorControl/JBColorControl.m; sourceTree = "<group>"; };
		29DB69701988FA1B006ABA9E /* Prefix.pch */ = {isa = PBXFileReference; lastKnownFileType = sourcecode.c.h; path = Prefix.pch; sourceTree = "<group>"; };
/* End PBXFileReference section */

/* Begin PBXFrameworksBuildPhase section */
		29DB693D1988F28A006ABA9E /* Frameworks */ = {
			isa = PBXFrameworksBuildPhase;
			buildActionMask = 2147483647;
			files = (
			);
			runOnlyForDeploymentPostprocessing = 0;
		};
		29DB69531988F28B006ABA9E /* Frameworks */ = {
			isa = PBXFrameworksBuildPhase;
			buildActionMask = 2147483647;
			files = (
			);
			runOnlyForDeploymentPostprocessing = 0;
		};
/* End PBXFrameworksBuildPhase section */

/* Begin PBXGroup section */
		29DB69371988F28A006ABA9E = {
			isa = PBXGroup;
			children = (
				29DB69691988F535006ABA9E /* JBColorControl.h */,
				29DB696A1988F535006ABA9E /* JBColorControl.m */,
				2935F14319890E2E00D0C7CF /* JBColorControl+Debug.h */,
				2935F14419890E2E00D0C7CF /* JBColorControl+Debug.m */,
				29DB69591988F28B006ABA9E /* JBColorControlTests */,
				29DB69421988F28A006ABA9E /* Test Bench */,
				29DB69411988F28A006ABA9E /* Products */,
			);
			sourceTree = "<group>";
		};
		29DB69411988F28A006ABA9E /* Products */ = {
			isa = PBXGroup;
			children = (
				29DB69401988F28A006ABA9E /* JBColorControl.app */,
				29DB69561988F28B006ABA9E /* NBColorControlTests.xctest */,
			);
			name = Products;
			sourceTree = "<group>";
		};
		29DB69421988F28A006ABA9E /* Test Bench */ = {
			isa = PBXGroup;
			children = (
				29DB69471988F28A006ABA9E /* JBAppDelegate.h */,
				29DB69481988F28A006ABA9E /* JBAppDelegate.m */,
				29DB694A1988F28A006ABA9E /* JBTestViewController.h */,
				29DB694B1988F28A006ABA9E /* JBTestViewController.m */,
				29DB69501988F28B006ABA9E /* Images.xcassets */,
				29DB69431988F28A006ABA9E /* Supporting Files */,
			);
			name = "Test Bench";
			path = JBColorControl;
			sourceTree = "<group>";
		};
		29DB69431988F28A006ABA9E /* Supporting Files */ = {
			isa = PBXGroup;
			children = (
				29DB69441988F28A006ABA9E /* Info.plist */,
				29DB69451988F28A006ABA9E /* main.m */,
				29DB69701988FA1B006ABA9E /* Prefix.pch */,
			);
			name = "Supporting Files";
			sourceTree = "<group>";
		};
		29DB69591988F28B006ABA9E /* JBColorControlTests */ = {
			isa = PBXGroup;
			children = (
				29DB695C1988F28B006ABA9E /* JBColorControlTests.m */,
				29DB695A1988F28B006ABA9E /* Supporting Files */,
			);
			name = JBColorControlTests;
			path = NBColorControlTests;
			sourceTree = "<group>";
		};
		29DB695A1988F28B006ABA9E /* Supporting Files */ = {
			isa = PBXGroup;
			children = (
				29DB695B1988F28B006ABA9E /* Info.plist */,
			);
			name = "Supporting Files";
			sourceTree = "<group>";
		};
/* End PBXGroup section */

/* Begin PBXNativeTarget section */
		29DB693F1988F28A006ABA9E /* JBColorControl */ = {
			isa = PBXNativeTarget;
			buildConfigurationList = 29DB69601988F28B006ABA9E /* Build configuration list for PBXNativeTarget "JBColorControl" */;
			buildPhases = (
				29DB693C1988F28A006ABA9E /* Sources */,
				29DB693D1988F28A006ABA9E /* Frameworks */,
				29DB693E1988F28A006ABA9E /* Resources */,
			);
			buildRules = (
			);
			dependencies = (
			);
			name = JBColorControl;
			productName = NBColorControl;
			productReference = 29DB69401988F28A006ABA9E /* JBColorControl.app */;
			productType = "com.apple.product-type.application";
		};
		29DB69551988F28B006ABA9E /* NBColorControlTests */ = {
			isa = PBXNativeTarget;
			buildConfigurationList = 29DB69631988F28B006ABA9E /* Build configuration list for PBXNativeTarget "NBColorControlTests" */;
			buildPhases = (
				29DB69521988F28B006ABA9E /* Sources */,
				29DB69531988F28B006ABA9E /* Frameworks */,
				29DB69541988F28B006ABA9E /* Resources */,
			);
			buildRules = (
			);
			dependencies = (
				29DB69581988F28B006ABA9E /* PBXTargetDependency */,
				2935F147198ED12E00D0C7CF /* PBXTargetDependency */,
				2935F149198ED12E00D0C7CF /* PBXTargetDependency */,
			);
			name = NBColorControlTests;
			productName = NBColorControlTests;
			productReference = 29DB69561988F28B006ABA9E /* NBColorControlTests.xctest */;
			productType = "com.apple.product-type.bundle.unit-test";
		};
/* End PBXNativeTarget section */

/* Begin PBXProject section */
		29DB69381988F28A006ABA9E /* Project object */ = {
			isa = PBXProject;
			attributes = {
				CLASSPREFIX = JB;
				LastUpgradeCheck = 0600;
				ORGANIZATIONNAME = "Joachim Bondo";
				TargetAttributes = {
					29DB693F1988F28A006ABA9E = {
						CreatedOnToolsVersion = 6.0;
					};
					29DB69551988F28B006ABA9E = {
						CreatedOnToolsVersion = 6.0;
						TestTargetID = 29DB693F1988F28A006ABA9E;
					};
				};
			};
			buildConfigurationList = 29DB693B1988F28A006ABA9E /* Build configuration list for PBXProject "JBColorControl" */;
			compatibilityVersion = "Xcode 3.2";
			developmentRegion = English;
			hasScannedForEncodings = 0;
			knownRegions = (
				en,
				Base,
			);
			mainGroup = 29DB69371988F28A006ABA9E;
			productRefGroup = 29DB69411988F28A006ABA9E /* Products */;
			projectDirPath = "";
			projectRoot = "";
			targets = (
				29DB693F1988F28A006ABA9E /* JBColorControl */,
				29DB69551988F28B006ABA9E /* NBColorControlTests */,
			);
		};
/* End PBXProject section */

/* Begin PBXResourcesBuildPhase section */
		29DB693E1988F28A006ABA9E /* Resources */ = {
			isa = PBXResourcesBuildPhase;
			buildActionMask = 2147483647;
			files = (
				29DB69511988F28B006ABA9E /* Images.xcassets in Resources */,
			);
			runOnlyForDeploymentPostprocessing = 0;
		};
		29DB69541988F28B006ABA9E /* Resources */ = {
			isa = PBXResourcesBuildPhase;
			buildActionMask = 2147483647;
			files = (
			);
			runOnlyForDeploymentPostprocessing = 0;
		};
/* End PBXResourcesBuildPhase section */

/* Begin PBXSourcesBuildPhase section */
		29DB693C1988F28A006ABA9E /* Sources */ = {
			isa = PBXSourcesBuildPhase;
			buildActionMask = 2147483647;
			files = (
				29DB694C1988F28A006ABA9E /* JBTestViewController.m in Sources */,
				29DB69491988F28A006ABA9E /* JBAppDelegate.m in Sources */,
				2935F14519890E2E00D0C7CF /* JBColorControl+Debug.m in Sources */,
				29DB69461988F28A006ABA9E /* main.m in Sources */,
				29DB696B1988F535006ABA9E /* JBColorControl.m in Sources */,
			);
			runOnlyForDeploymentPostprocessing = 0;
		};
		29DB69521988F28B006ABA9E /* Sources */ = {
			isa = PBXSourcesBuildPhase;
			buildActionMask = 2147483647;
			files = (
				29DB695D1988F28B006ABA9E /* JBColorControlTests.m in Sources */,
			);
			runOnlyForDeploymentPostprocessing = 0;
		};
/* End PBXSourcesBuildPhase section */

/* Begin PBXTargetDependency section */
		2935F147198ED12E00D0C7CF /* PBXTargetDependency */ = {
			isa = PBXTargetDependency;
			target = 29DB693F1988F28A006ABA9E /* JBColorControl */;
			targetProxy = 2935F146198ED12E00D0C7CF /* PBXContainerItemProxy */;
		};
		2935F149198ED12E00D0C7CF /* PBXTargetDependency */ = {
			isa = PBXTargetDependency;
			target = 29DB693F1988F28A006ABA9E /* JBColorControl */;
			targetProxy = 2935F148198ED12E00D0C7CF /* PBXContainerItemProxy */;
		};
		29DB69581988F28B006ABA9E /* PBXTargetDependency */ = {
			isa = PBXTargetDependency;
			target = 29DB693F1988F28A006ABA9E /* JBColorControl */;
			targetProxy = 29DB69571988F28B006ABA9E /* PBXContainerItemProxy */;
		};
/* End PBXTargetDependency section */

/* Begin XCBuildConfiguration section */
		29DB695E1988F28B006ABA9E /* Debug */ = {
			isa = XCBuildConfiguration;
			buildSettings = {
				ALWAYS_SEARCH_USER_PATHS = NO;
				CLANG_CXX_LANGUAGE_STANDARD = "gnu++0x";
				CLANG_CXX_LIBRARY = "libc++";
				CLANG_ENABLE_MODULES = YES;
				CLANG_ENABLE_OBJC_ARC = YES;
				CLANG_WARN_BOOL_CONVERSION = YES;
				CLANG_WARN_CONSTANT_CONVERSION = YES;
				CLANG_WARN_DIRECT_OBJC_ISA_USAGE = YES_ERROR;
				CLANG_WARN_EMPTY_BODY = YES;
				CLANG_WARN_ENUM_CONVERSION = YES;
				CLANG_WARN_INT_CONVERSION = YES;
				CLANG_WARN_OBJC_ROOT_CLASS = YES_ERROR;
				CLANG_WARN_UNREACHABLE_CODE = YES;
				CLANG_WARN__DUPLICATE_METHOD_MATCH = YES;
				"CODE_SIGN_IDENTITY[sdk=iphoneos*]" = "iPhone Developer";
				COPY_PHASE_STRIP = NO;
				ENABLE_STRICT_OBJC_MSGSEND = YES;
				GCC_C_LANGUAGE_STANDARD = gnu99;
				GCC_DYNAMIC_NO_PIC = NO;
				GCC_OPTIMIZATION_LEVEL = 0;
				GCC_PRECOMPILE_PREFIX_HEADER = YES;
				GCC_PREFIX_HEADER = JBColorControl/Prefix.pch;
				GCC_PREPROCESSOR_DEFINITIONS = (
					"DEBUG=1",
					"$(inherited)",
				);
				GCC_SYMBOLS_PRIVATE_EXTERN = NO;
				GCC_WARN_64_TO_32_BIT_CONVERSION = YES;
				GCC_WARN_ABOUT_RETURN_TYPE = YES_ERROR;
				GCC_WARN_UNDECLARED_SELECTOR = YES;
				GCC_WARN_UNINITIALIZED_AUTOS = YES_AGGRESSIVE;
				GCC_WARN_UNUSED_FUNCTION = YES;
				GCC_WARN_UNUSED_VARIABLE = YES;
				IPHONEOS_DEPLOYMENT_TARGET = 7.1;
				MTL_ENABLE_DEBUG_INFO = YES;
				ONLY_ACTIVE_ARCH = YES;
				SDKROOT = iphoneos;
				TARGETED_DEVICE_FAMILY = "1,2";
			};
			name = Debug;
		};
		29DB695F1988F28B006ABA9E /* Release */ = {
			isa = XCBuildConfiguration;
			buildSettings = {
				ALWAYS_SEARCH_USER_PATHS = NO;
				CLANG_CXX_LANGUAGE_STANDARD = "gnu++0x";
				CLANG_CXX_LIBRARY = "libc++";
				CLANG_ENABLE_MODULES = YES;
				CLANG_ENABLE_OBJC_ARC = YES;
				CLANG_WARN_BOOL_CONVERSION = YES;
				CLANG_WARN_CONSTANT_CONVERSION = YES;
				CLANG_WARN_DIRECT_OBJC_ISA_USAGE = YES_ERROR;
				CLANG_WARN_EMPTY_BODY = YES;
				CLANG_WARN_ENUM_CONVERSION = YES;
				CLANG_WARN_INT_CONVERSION = YES;
				CLANG_WARN_OBJC_ROOT_CLASS = YES_ERROR;
				CLANG_WARN_UNREACHABLE_CODE = YES;
				CLANG_WARN__DUPLICATE_METHOD_MATCH = YES;
				"CODE_SIGN_IDENTITY[sdk=iphoneos*]" = "iPhone Developer";
				COPY_PHASE_STRIP = YES;
				ENABLE_NS_ASSERTIONS = NO;
				ENABLE_STRICT_OBJC_MSGSEND = YES;
				GCC_C_LANGUAGE_STANDARD = gnu99;
				GCC_PRECOMPILE_PREFIX_HEADER = YES;
				GCC_PREFIX_HEADER = JBColorControl/Prefix.pch;
				GCC_WARN_64_TO_32_BIT_CONVERSION = YES;
				GCC_WARN_ABOUT_RETURN_TYPE = YES_ERROR;
				GCC_WARN_UNDECLARED_SELECTOR = YES;
				GCC_WARN_UNINITIALIZED_AUTOS = YES_AGGRESSIVE;
				GCC_WARN_UNUSED_FUNCTION = YES;
				GCC_WARN_UNUSED_VARIABLE = YES;
				IPHONEOS_DEPLOYMENT_TARGET = 7.1;
				MTL_ENABLE_DEBUG_INFO = NO;
				SDKROOT = iphoneos;
				TARGETED_DEVICE_FAMILY = "1,2";
				VALIDATE_PRODUCT = YES;
			};
			name = Release;
		};
		29DB69611988F28B006ABA9E /* Debug */ = {
			isa = XCBuildConfiguration;
			buildSettings = {
				ASSETCATALOG_COMPILER_APPICON_NAME = AppIcon;
				ASSETCATALOG_COMPILER_LAUNCHIMAGE_NAME = LaunchImage;
				INFOPLIST_FILE = JBColorControl/Info.plist;
				IPHONEOS_DEPLOYMENT_TARGET = 7.1;
				LD_RUNPATH_SEARCH_PATHS = "$(inherited) @executable_path/Frameworks";
				PRODUCT_NAME = "$(TARGET_NAME)";
				TARGETED_DEVICE_FAMILY = 1;
			};
			name = Debug;
		};
		29DB69621988F28B006ABA9E /* Release */ = {
			isa = XCBuildConfiguration;
			buildSettings = {
				ASSETCATALOG_COMPILER_APPICON_NAME = AppIcon;
				ASSETCATALOG_COMPILER_LAUNCHIMAGE_NAME = LaunchImage;
				INFOPLIST_FILE = JBColorControl/Info.plist;
				IPHONEOS_DEPLOYMENT_TARGET = 7.1;
				LD_RUNPATH_SEARCH_PATHS = "$(inherited) @executable_path/Frameworks";
				PRODUCT_NAME = "$(TARGET_NAME)";
				TARGETED_DEVICE_FAMILY = 1;
			};
			name = Release;
		};
		29DB69641988F28B006ABA9E /* Debug */ = {
			isa = XCBuildConfiguration;
			buildSettings = {
				BUNDLE_LOADER = "$(BUILT_PRODUCTS_DIR)/JBColorControl.app/JBColorControl";
				FRAMEWORK_SEARCH_PATHS = (
					"$(SDKROOT)/Developer/Library/Frameworks",
					"$(inherited)",
				);
				GCC_PREPROCESSOR_DEFINITIONS = (
					"DEBUG=1",
					"$(inherited)",
				);
				INFOPLIST_FILE = NBColorControlTests/Info.plist;
				LD_RUNPATH_SEARCH_PATHS = "$(inherited) @executable_path/Frameworks @loader_path/Frameworks";
				PRODUCT_NAME = "$(TARGET_NAME)";
				TEST_HOST = "$(BUNDLE_LOADER)";
			};
			name = Debug;
		};
		29DB69651988F28B006ABA9E /* Release */ = {
			isa = XCBuildConfiguration;
			buildSettings = {
				BUNDLE_LOADER = "$(BUILT_PRODUCTS_DIR)/JBColorControl.app/JBColorControl";
				FRAMEWORK_SEARCH_PATHS = (
					"$(SDKROOT)/Developer/Library/Frameworks",
					"$(inherited)",
				);
				INFOPLIST_FILE = NBColorControlTests/Info.plist;
				LD_RUNPATH_SEARCH_PATHS = "$(inherited) @executable_path/Frameworks @loader_path/Frameworks";
				PRODUCT_NAME = "$(TARGET_NAME)";
				TEST_HOST = "$(BUNDLE_LOADER)";
			};
			name = Release;
		};
/* End XCBuildConfiguration section */

/* Begin XCConfigurationList section */
		29DB693B1988F28A006ABA9E /* Build configuration list for PBXProject "JBColorControl" */ = {
			isa = XCConfigurationList;
			buildConfigurations = (
				29DB695E1988F28B006ABA9E /* Debug */,
				29DB695F1988F28B006ABA9E /* Release */,
			);
			defaultConfigurationIsVisible = 0;
			defaultConfigurationName = Release;
		};
		29DB69601988F28B006ABA9E /* Build configuration list for PBXNativeTarget "JBColorControl" */ = {
			isa = XCConfigurationList;
			buildConfigurations = (
				29DB69611988F28B006ABA9E /* Debug */,
				29DB69621988F28B006ABA9E /* Release */,
			);
			defaultConfigurationIsVisible = 0;
			defaultConfigurationName = Release;
		};
		29DB69631988F28B006ABA9E /* Build configuration list for PBXNativeTarget "NBColorControlTests" */ = {
			isa = XCConfigurationList;
			buildConfigurations = (
				29DB69641988F28B006ABA9E /* Debug */,
				29DB69651988F28B006ABA9E /* Release */,
			);
			defaultConfigurationIsVisible = 0;
			defaultConfigurationName = Release;
		};
/* End XCConfigurationList section */
	};
	rootObject = 29DB69381988F28A006ABA9E /* Project object */;
}
